
Microsoft Visual Studio Solution File, Format Version 12.00
# Visual Studio Version 17
VisualStudioVersion = 17.7.34202.233
MinimumVisualStudioVersion = 10.0.40219.1
Project("{9A19103F-16F7-4668-BE54-9A1E7A4F7556}") = "Prn221_8_HoaLan", "Prn221_8_HoaLan\Prn221_8_HoaLan.csproj", "{549E8A38-939F-4BC1-AB7A-1DC60CBCB714}"
EndProject
Project("{9A19103F-16F7-4668-BE54-9A1E7A4F7556}") = "DataAccessLayer", "DataAccessLayer\DataAccessLayer.csproj", "{1DE8CDE4-3135-4A78-9FA2-E29968FE6B89}"
EndProject
Project("{9A19103F-16F7-4668-BE54-9A1E7A4F7556}") = "Repository", "Repository\Repository.csproj", "{96F7B461-075C-474E-924B-22C2C00F8478}"
EndProject
Project("{FAE04EC0-301F-11D3-BF4B-00C04F79EFBC}") = "BussinessService", "BussinessService\BussinessService.csproj", "{1F7ACC28-7B13-4836-97EF-C2226E029CB1}"
EndProject
Global
	GlobalSection(SolutionConfigurationPlatforms) = preSolution
		Debug|Any CPU = Debug|Any CPU
		Release|Any CPU = Release|Any CPU
	EndGlobalSection
	GlobalSection(ProjectConfigurationPlatforms) = postSolution
		{549E8A38-939F-4BC1-AB7A-1DC60CBCB714}.Debug|Any CPU.ActiveCfg = Debug|Any CPU
		{549E8A38-939F-4BC1-AB7A-1DC60CBCB714}.Debug|Any CPU.Build.0 = Debug|Any CPU
		{549E8A38-939F-4BC1-AB7A-1DC60CBCB714}.Release|Any CPU.ActiveCfg = Release|Any CPU
		{549E8A38-939F-4BC1-AB7A-1DC60CBCB714}.Release|Any CPU.Build.0 = Release|Any CPU
		{1DE8CDE4-3135-4A78-9FA2-E29968FE6B89}.Debug|Any CPU.ActiveCfg = Debug|Any CPU
		{1DE8CDE4-3135-4A78-9FA2-E29968FE6B89}.Debug|Any CPU.Build.0 = Debug|Any CPU
		{1DE8CDE4-3135-4A78-9FA2-E29968FE6B89}.Release|Any CPU.ActiveCfg = Release|Any CPU
		{1DE8CDE4-3135-4A78-9FA2-E29968FE6B89}.Release|Any CPU.Build.0 = Release|Any CPU
		{96F7B461-075C-474E-924B-22C2C00F8478}.Debug|Any CPU.ActiveCfg = Debug|Any CPU
		{96F7B461-075C-474E-924B-22C2C00F8478}.Debug|Any CPU.Build.0 = Debug|Any CPU
		{96F7B461-075C-474E-924B-22C2C00F8478}.Release|Any CPU.ActiveCfg = Release|Any CPU
		{96F7B461-075C-474E-924B-22C2C00F8478}.Release|Any CPU.Build.0 = Release|Any CPU
		{1F7ACC28-7B13-4836-97EF-C2226E029CB1}.Debug|Any CPU.ActiveCfg = Debug|Any CPU
		{1F7ACC28-7B13-4836-97EF-C2226E029CB1}.Debug|Any CPU.Build.0 = Debug|Any CPU
		{1F7ACC28-7B13-4836-97EF-C2226E029CB1}.Release|Any CPU.ActiveCfg = Release|Any CPU
		{1F7ACC28-7B13-4836-97EF-C2226E029CB1}.Release|Any CPU.Build.0 = Release|Any CPU
	EndGlobalSection
	GlobalSection(SolutionProperties) = preSolution
		HideSolutionNode = FALSE
	EndGlobalSection
	GlobalSection(ExtensibilityGlobals) = postSolution
		SolutionGuid = {ECC729F2-79B1-4C08-B897-8DD43C2AADFB}
	EndGlobalSection
EndGlobal
